// !$*UTF8*$!
{
	archiveVersion = 1;
	classes = {
	};
	objectVersion = 56;
	objects = {

/* Begin PBXBuildFile section */
		E79335D429FEC91600750213 /* AppDelegate.swift in Sources */ = {isa = PBXBuildFile; fileRef = E79335D329FEC91600750213 /* AppDelegate.swift */; };
		E79335D629FEC91600750213 /* SceneDelegate.swift in Sources */ = {isa = PBXBuildFile; fileRef = E79335D529FEC91600750213 /* SceneDelegate.swift */; };
		E79335D829FEC91600750213 /* RmTabBarController.swift in Sources */ = {isa = PBXBuildFile; fileRef = E79335D729FEC91600750213 /* RmTabBarController.swift */; };
		E79335DD29FEC91700750213 /* Assets.xcassets in Resources */ = {isa = PBXBuildFile; fileRef = E79335DC29FEC91700750213 /* Assets.xcassets */; };
		E79335E029FEC91700750213 /* LaunchScreen.storyboard in Resources */ = {isa = PBXBuildFile; fileRef = E79335DE29FEC91700750213 /* LaunchScreen.storyboard */; };
		E79335EF29FECC8800750213 /* RMLocation.swift in Sources */ = {isa = PBXBuildFile; fileRef = E79335EE29FECC8800750213 /* RMLocation.swift */; };
		E79335F129FECCA200750213 /* RMCharacter.swift in Sources */ = {isa = PBXBuildFile; fileRef = E79335F029FECCA200750213 /* RMCharacter.swift */; };
		E79335F329FECCAD00750213 /* RMEpisode.swift in Sources */ = {isa = PBXBuildFile; fileRef = E79335F229FECCAD00750213 /* RMEpisode.swift */; };
		E79335F729FECD2C00750213 /* RMCharacterViewController.swift in Sources */ = {isa = PBXBuildFile; fileRef = E79335F629FECD2C00750213 /* RMCharacterViewController.swift */; };
		E79335F929FECD3A00750213 /* RMEpisodeViewController.swift in Sources */ = {isa = PBXBuildFile; fileRef = E79335F829FECD3A00750213 /* RMEpisodeViewController.swift */; };
		E79335FB29FECD4300750213 /* RMLocationViewController.swift in Sources */ = {isa = PBXBuildFile; fileRef = E79335FA29FECD4300750213 /* RMLocationViewController.swift */; };
		E79335FD29FECDBF00750213 /* RMSettingsViewController.swift in Sources */ = {isa = PBXBuildFile; fileRef = E79335FC29FECDBF00750213 /* RMSettingsViewController.swift */; };
		E79335FF29FED65900750213 /* RMService.swift in Sources */ = {isa = PBXBuildFile; fileRef = E79335FE29FED65900750213 /* RMService.swift */; };
		E793360129FED66D00750213 /* RMRequest.swift in Sources */ = {isa = PBXBuildFile; fileRef = E793360029FED66D00750213 /* RMRequest.swift */; };
		E793360329FED71000750213 /* RMEndpoint.swift in Sources */ = {isa = PBXBuildFile; fileRef = E793360229FED71000750213 /* RMEndpoint.swift */; };
		E793360529FEE05A00750213 /* RMOrigin.swift in Sources */ = {isa = PBXBuildFile; fileRef = E793360429FEE05A00750213 /* RMOrigin.swift */; };
		E793360729FEE41400750213 /* RMCharacterStatus.swift in Sources */ = {isa = PBXBuildFile; fileRef = E793360629FEE41400750213 /* RMCharacterStatus.swift */; };
		E793360929FEE5DE00750213 /* RMCharacterGender.swift in Sources */ = {isa = PBXBuildFile; fileRef = E793360829FEE5DE00750213 /* RMCharacterGender.swift */; };
/* End PBXBuildFile section */

/* Begin PBXFileReference section */
		E79335D029FEC91600750213 /* RickAndMorty.app */ = {isa = PBXFileReference; explicitFileType = wrapper.application; includeInIndex = 0; path = RickAndMorty.app; sourceTree = BUILT_PRODUCTS_DIR; };
		E79335D329FEC91600750213 /* AppDelegate.swift */ = {isa = PBXFileReference; lastKnownFileType = sourcecode.swift; path = AppDelegate.swift; sourceTree = "<group>"; };
		E79335D529FEC91600750213 /* SceneDelegate.swift */ = {isa = PBXFileReference; lastKnownFileType = sourcecode.swift; path = SceneDelegate.swift; sourceTree = "<group>"; };
		E79335D729FEC91600750213 /* RmTabBarController.swift */ = {isa = PBXFileReference; lastKnownFileType = sourcecode.swift; path = RmTabBarController.swift; sourceTree = "<group>"; };
		E79335DC29FEC91700750213 /* Assets.xcassets */ = {isa = PBXFileReference; lastKnownFileType = folder.assetcatalog; path = Assets.xcassets; sourceTree = "<group>"; };
		E79335DF29FEC91700750213 /* Base */ = {isa = PBXFileReference; lastKnownFileType = file.storyboard; name = Base; path = Base.lproj/LaunchScreen.storyboard; sourceTree = "<group>"; };
		E79335E129FEC91700750213 /* Info.plist */ = {isa = PBXFileReference; lastKnownFileType = text.plist.xml; path = Info.plist; sourceTree = "<group>"; };
		E79335EE29FECC8800750213 /* RMLocation.swift */ = {isa = PBXFileReference; lastKnownFileType = sourcecode.swift; path = RMLocation.swift; sourceTree = "<group>"; };
		E79335F029FECCA200750213 /* RMCharacter.swift */ = {isa = PBXFileReference; lastKnownFileType = sourcecode.swift; path = RMCharacter.swift; sourceTree = "<group>"; };
		E79335F229FECCAD00750213 /* RMEpisode.swift */ = {isa = PBXFileReference; lastKnownFileType = sourcecode.swift; path = RMEpisode.swift; sourceTree = "<group>"; };
		E79335F629FECD2C00750213 /* RMCharacterViewController.swift */ = {isa = PBXFileReference; lastKnownFileType = sourcecode.swift; path = RMCharacterViewController.swift; sourceTree = "<group>"; };
		E79335F829FECD3A00750213 /* RMEpisodeViewController.swift */ = {isa = PBXFileReference; lastKnownFileType = sourcecode.swift; path = RMEpisodeViewController.swift; sourceTree = "<group>"; };
		E79335FA29FECD4300750213 /* RMLocationViewController.swift */ = {isa = PBXFileReference; lastKnownFileType = sourcecode.swift; path = RMLocationViewController.swift; sourceTree = "<group>"; };
		E79335FC29FECDBF00750213 /* RMSettingsViewController.swift */ = {isa = PBXFileReference; lastKnownFileType = sourcecode.swift; path = RMSettingsViewController.swift; sourceTree = "<group>"; };
		E79335FE29FED65900750213 /* RMService.swift */ = {isa = PBXFileReference; lastKnownFileType = sourcecode.swift; path = RMService.swift; sourceTree = "<group>"; };
		E793360029FED66D00750213 /* RMRequest.swift */ = {isa = PBXFileReference; lastKnownFileType = sourcecode.swift; path = RMRequest.swift; sourceTree = "<group>"; };
		E793360229FED71000750213 /* RMEndpoint.swift */ = {isa = PBXFileReference; lastKnownFileType = sourcecode.swift; path = RMEndpoint.swift; sourceTree = "<group>"; };
		E793360429FEE05A00750213 /* RMOrigin.swift */ = {isa = PBXFileReference; lastKnownFileType = sourcecode.swift; path = RMOrigin.swift; sourceTree = "<group>"; };
		E793360629FEE41400750213 /* RMCharacterStatus.swift */ = {isa = PBXFileReference; lastKnownFileType = sourcecode.swift; path = RMCharacterStatus.swift; sourceTree = "<group>"; };
		E793360829FEE5DE00750213 /* RMCharacterGender.swift */ = {isa = PBXFileReference; lastKnownFileType = sourcecode.swift; path = RMCharacterGender.swift; sourceTree = "<group>"; };
/* End PBXFileReference section */

/* Begin PBXFrameworksBuildPhase section */
		E79335CD29FEC91600750213 /* Frameworks */ = {
			isa = PBXFrameworksBuildPhase;
			buildActionMask = 2147483647;
			files = (
			);
			runOnlyForDeploymentPostprocessing = 0;
		};
/* End PBXFrameworksBuildPhase section */

/* Begin PBXGroup section */
		E79335C729FEC91600750213 = {
			isa = PBXGroup;
			children = (
				E79335D229FEC91600750213 /* RickAndMorty */,
				E79335D129FEC91600750213 /* Products */,
			);
			sourceTree = "<group>";
		};
		E79335D129FEC91600750213 /* Products */ = {
			isa = PBXGroup;
			children = (
				E79335D029FEC91600750213 /* RickAndMorty.app */,
			);
			name = Products;
			sourceTree = "<group>";
		};
		E79335D229FEC91600750213 /* RickAndMorty */ = {
			isa = PBXGroup;
			children = (
				E79335ED29FECB4600750213 /* Resources */,
				E79335EC29FECB3F00750213 /* APIClient */,
				E79335EB29FECB2D00750213 /* Managers */,
				E79335EA29FECAC800750213 /* ViewModels */,
				E79335E929FECAC200750213 /* Views */,
				E79335E829FECABE00750213 /* Models */,
				E79335E729FECAB600750213 /* Controllers */,
				E79335E129FEC91700750213 /* Info.plist */,
			);
			path = RickAndMorty;
			sourceTree = "<group>";
		};
		E79335E729FECAB600750213 /* Controllers */ = {
			isa = PBXGroup;
			children = (
				E79335F529FECD0400750213 /* Core */,
			);
			path = Controllers;
			sourceTree = "<group>";
		};
		E79335E829FECABE00750213 /* Models */ = {
			isa = PBXGroup;
			children = (
				E79335EE29FECC8800750213 /* RMLocation.swift */,
				E79335F029FECCA200750213 /* RMCharacter.swift */,
				E793360629FEE41400750213 /* RMCharacterStatus.swift */,
				E793360829FEE5DE00750213 /* RMCharacterGender.swift */,
				E793360429FEE05A00750213 /* RMOrigin.swift */,
				E79335F229FECCAD00750213 /* RMEpisode.swift */,
			);
			path = Models;
			sourceTree = "<group>";
		};
		E79335E929FECAC200750213 /* Views */ = {
			isa = PBXGroup;
			children = (
			);
			path = Views;
			sourceTree = "<group>";
		};
		E79335EA29FECAC800750213 /* ViewModels */ = {
			isa = PBXGroup;
			children = (
			);
			path = ViewModels;
			sourceTree = "<group>";
		};
		E79335EB29FECB2D00750213 /* Managers */ = {
			isa = PBXGroup;
			children = (
			);
			path = Managers;
			sourceTree = "<group>";
		};
		E79335EC29FECB3F00750213 /* APIClient */ = {
			isa = PBXGroup;
			children = (
				E79335FE29FED65900750213 /* RMService.swift */,
				E793360029FED66D00750213 /* RMRequest.swift */,
				E793360229FED71000750213 /* RMEndpoint.swift */,
			);
			path = APIClient;
			sourceTree = "<group>";
		};
		E79335ED29FECB4600750213 /* Resources */ = {
			isa = PBXGroup;
			children = (
				E79335DC29FEC91700750213 /* Assets.xcassets */,
				E79335DE29FEC91700750213 /* LaunchScreen.storyboard */,
				E79335D329FEC91600750213 /* AppDelegate.swift */,
				E79335D529FEC91600750213 /* SceneDelegate.swift */,
			);
			path = Resources;
			sourceTree = "<group>";
		};
		E79335F529FECD0400750213 /* Core */ = {
			isa = PBXGroup;
			children = (
				E79335D729FEC91600750213 /* RmTabBarController.swift */,
				E79335F629FECD2C00750213 /* RMCharacterViewController.swift */,
				E79335FA29FECD4300750213 /* RMLocationViewController.swift */,
				E79335F829FECD3A00750213 /* RMEpisodeViewController.swift */,
				E79335FC29FECDBF00750213 /* RMSettingsViewController.swift */,
			);
			path = Core;
			sourceTree = "<group>";
		};
/* End PBXGroup section */

/* Begin PBXNativeTarget section */
		E79335CF29FEC91600750213 /* RickAndMorty */ = {
			isa = PBXNativeTarget;
			buildConfigurationList = E79335E429FEC91700750213 /* Build configuration list for PBXNativeTarget "RickAndMorty" */;
			buildPhases = (
				E79335CC29FEC91600750213 /* Sources */,
				E79335CD29FEC91600750213 /* Frameworks */,
				E79335CE29FEC91600750213 /* Resources */,
			);
			buildRules = (
			);
			dependencies = (
			);
			name = RickAndMorty;
			productName = RickAndMorty;
			productReference = E79335D029FEC91600750213 /* RickAndMorty.app */;
			productType = "com.apple.product-type.application";
		};
/* End PBXNativeTarget section */

/* Begin PBXProject section */
		E79335C829FEC91600750213 /* Project object */ = {
			isa = PBXProject;
			attributes = {
				BuildIndependentTargetsInParallel = 1;
				LastSwiftUpdateCheck = 1410;
				LastUpgradeCheck = 1410;
				TargetAttributes = {
					E79335CF29FEC91600750213 = {
						CreatedOnToolsVersion = 14.1;
					};
				};
			};
			buildConfigurationList = E79335CB29FEC91600750213 /* Build configuration list for PBXProject "RickAndMorty" */;
			compatibilityVersion = "Xcode 14.0";
			developmentRegion = en;
			hasScannedForEncodings = 0;
			knownRegions = (
				en,
				Base,
			);
			mainGroup = E79335C729FEC91600750213;
			productRefGroup = E79335D129FEC91600750213 /* Products */;
			projectDirPath = "";
			projectRoot = "";
			targets = (
				E79335CF29FEC91600750213 /* RickAndMorty */,
			);
		};
/* End PBXProject section */

/* Begin PBXResourcesBuildPhase section */
		E79335CE29FEC91600750213 /* Resources */ = {
			isa = PBXResourcesBuildPhase;
			buildActionMask = 2147483647;
			files = (
				E79335E029FEC91700750213 /* LaunchScreen.storyboard in Resources */,
				E79335DD29FEC91700750213 /* Assets.xcassets in Resources */,
			);
			runOnlyForDeploymentPostprocessing = 0;
		};
/* End PBXResourcesBuildPhase section */

/* Begin PBXSourcesBuildPhase section */
		E79335CC29FEC91600750213 /* Sources */ = {
			isa = PBXSourcesBuildPhase;
			buildActionMask = 2147483647;
			files = (
				E793360529FEE05A00750213 /* RMOrigin.swift in Sources */,
				E79335FB29FECD4300750213 /* RMLocationViewController.swift in Sources */,
				E79335F329FECCAD00750213 /* RMEpisode.swift in Sources */,
				E793360929FEE5DE00750213 /* RMCharacterGender.swift in Sources */,
				E79335D829FEC91600750213 /* RmTabBarController.swift in Sources */,
				E79335D429FEC91600750213 /* AppDelegate.swift in Sources */,
				E793360729FEE41400750213 /* RMCharacterStatus.swift in Sources */,
				E79335D629FEC91600750213 /* SceneDelegate.swift in Sources */,
				E79335EF29FECC8800750213 /* RMLocation.swift in Sources */,
				E79335FD29FECDBF00750213 /* RMSettingsViewController.swift in Sources */,
				E79335FF29FED65900750213 /* RMService.swift in Sources */,
				E79335F129FECCA200750213 /* RMCharacter.swift in Sources */,
				E793360329FED71000750213 /* RMEndpoint.swift in Sources */,
				E79335F729FECD2C00750213 /* RMCharacterViewController.swift in Sources */,
				E793360129FED66D00750213 /* RMRequest.swift in Sources */,
				E79335F929FECD3A00750213 /* RMEpisodeViewController.swift in Sources */,
			);
			runOnlyForDeploymentPostprocessing = 0;
		};
/* End PBXSourcesBuildPhase section */

/* Begin PBXVariantGroup section */
		E79335DE29FEC91700750213 /* LaunchScreen.storyboard */ = {
			isa = PBXVariantGroup;
			children = (
				E79335DF29FEC91700750213 /* Base */,
			);
			name = LaunchScreen.storyboard;
			sourceTree = "<group>";
		};
/* End PBXVariantGroup section */

/* Begin XCBuildConfiguration section */
		E79335E229FEC91700750213 /* Debug */ = {
			isa = XCBuildConfiguration;
			buildSettings = {
				ALWAYS_SEARCH_USER_PATHS = NO;
				CLANG_ANALYZER_NONNULL = YES;
				CLANG_ANALYZER_NUMBER_OBJECT_CONVERSION = YES_AGGRESSIVE;
				CLANG_CXX_LANGUAGE_STANDARD = "gnu++20";
				CLANG_ENABLE_MODULES = YES;
				CLANG_ENABLE_OBJC_ARC = YES;
				CLANG_ENABLE_OBJC_WEAK = YES;
				CLANG_WARN_BLOCK_CAPTURE_AUTORELEASING = YES;
				CLANG_WARN_BOOL_CONVERSION = YES;
				CLANG_WARN_COMMA = YES;
				CLANG_WARN_CONSTANT_CONVERSION = YES;
				CLANG_WARN_DEPRECATED_OBJC_IMPLEMENTATIONS = YES;
				CLANG_WARN_DIRECT_OBJC_ISA_USAGE = YES_ERROR;
				CLANG_WARN_DOCUMENTATION_COMMENTS = YES;
				CLANG_WARN_EMPTY_BODY = YES;
				CLANG_WARN_ENUM_CONVERSION = YES;
				CLANG_WARN_INFINITE_RECURSION = YES;
				CLANG_WARN_INT_CONVERSION = YES;
				CLANG_WARN_NON_LITERAL_NULL_CONVERSION = YES;
				CLANG_WARN_OBJC_IMPLICIT_RETAIN_SELF = YES;
				CLANG_WARN_OBJC_LITERAL_CONVERSION = YES;
				CLANG_WARN_OBJC_ROOT_CLASS = YES_ERROR;
				CLANG_WARN_QUOTED_INCLUDE_IN_FRAMEWORK_HEADER = YES;
				CLANG_WARN_RANGE_LOOP_ANALYSIS = YES;
				CLANG_WARN_STRICT_PROTOTYPES = YES;
				CLANG_WARN_SUSPICIOUS_MOVE = YES;
				CLANG_WARN_UNGUARDED_AVAILABILITY = YES_AGGRESSIVE;
				CLANG_WARN_UNREACHABLE_CODE = YES;
				CLANG_WARN__DUPLICATE_METHOD_MATCH = YES;
				COPY_PHASE_STRIP = NO;
				DEBUG_INFORMATION_FORMAT = dwarf;
				ENABLE_STRICT_OBJC_MSGSEND = YES;
				ENABLE_TESTABILITY = YES;
				GCC_C_LANGUAGE_STANDARD = gnu11;
				GCC_DYNAMIC_NO_PIC = NO;
				GCC_NO_COMMON_BLOCKS = YES;
				GCC_OPTIMIZATION_LEVEL = 0;
				GCC_PREPROCESSOR_DEFINITIONS = (
					"DEBUG=1",
					"$(inherited)",
				);
				GCC_WARN_64_TO_32_BIT_CONVERSION = YES;
				GCC_WARN_ABOUT_RETURN_TYPE = YES_ERROR;
				GCC_WARN_UNDECLARED_SELECTOR = YES;
				GCC_WARN_UNINITIALIZED_AUTOS = YES_AGGRESSIVE;
				GCC_WARN_UNUSED_FUNCTION = YES;
				GCC_WARN_UNUSED_VARIABLE = YES;
				IPHONEOS_DEPLOYMENT_TARGET = 16.1;
				MTL_ENABLE_DEBUG_INFO = INCLUDE_SOURCE;
				MTL_FAST_MATH = YES;
				ONLY_ACTIVE_ARCH = YES;
				SDKROOT = iphoneos;
				SWIFT_ACTIVE_COMPILATION_CONDITIONS = DEBUG;
				SWIFT_OPTIMIZATION_LEVEL = "-Onone";
			};
			name = Debug;
		};
		E79335E329FEC91700750213 /* Release */ = {
			isa = XCBuildConfiguration;
			buildSettings = {
				ALWAYS_SEARCH_USER_PATHS = NO;
				CLANG_ANALYZER_NONNULL = YES;
				CLANG_ANALYZER_NUMBER_OBJECT_CONVERSION = YES_AGGRESSIVE;
				CLANG_CXX_LANGUAGE_STANDARD = "gnu++20";
				CLANG_ENABLE_MODULES = YES;
				CLANG_ENABLE_OBJC_ARC = YES;
				CLANG_ENABLE_OBJC_WEAK = YES;
				CLANG_WARN_BLOCK_CAPTURE_AUTORELEASING = YES;
				CLANG_WARN_BOOL_CONVERSION = YES;
				CLANG_WARN_COMMA = YES;
				CLANG_WARN_CONSTANT_CONVERSION = YES;
				CLANG_WARN_DEPRECATED_OBJC_IMPLEMENTATIONS = YES;
				CLANG_WARN_DIRECT_OBJC_ISA_USAGE = YES_ERROR;
				CLANG_WARN_DOCUMENTATION_COMMENTS = YES;
				CLANG_WARN_EMPTY_BODY = YES;
				CLANG_WARN_ENUM_CONVERSION = YES;
				CLANG_WARN_INFINITE_RECURSION = YES;
				CLANG_WARN_INT_CONVERSION = YES;
				CLANG_WARN_NON_LITERAL_NULL_CONVERSION = YES;
				CLANG_WARN_OBJC_IMPLICIT_RETAIN_SELF = YES;
				CLANG_WARN_OBJC_LITERAL_CONVERSION = YES;
				CLANG_WARN_OBJC_ROOT_CLASS = YES_ERROR;
				CLANG_WARN_QUOTED_INCLUDE_IN_FRAMEWORK_HEADER = YES;
				CLANG_WARN_RANGE_LOOP_ANALYSIS = YES;
				CLANG_WARN_STRICT_PROTOTYPES = YES;
				CLANG_WARN_SUSPICIOUS_MOVE = YES;
				CLANG_WARN_UNGUARDED_AVAILABILITY = YES_AGGRESSIVE;
				CLANG_WARN_UNREACHABLE_CODE = YES;
				CLANG_WARN__DUPLICATE_METHOD_MATCH = YES;
				COPY_PHASE_STRIP = NO;
				DEBUG_INFORMATION_FORMAT = "dwarf-with-dsym";
				ENABLE_NS_ASSERTIONS = NO;
				ENABLE_STRICT_OBJC_MSGSEND = YES;
				GCC_C_LANGUAGE_STANDARD = gnu11;
				GCC_NO_COMMON_BLOCKS = YES;
				GCC_WARN_64_TO_32_BIT_CONVERSION = YES;
				GCC_WARN_ABOUT_RETURN_TYPE = YES_ERROR;
				GCC_WARN_UNDECLARED_SELECTOR = YES;
				GCC_WARN_UNINITIALIZED_AUTOS = YES_AGGRESSIVE;
				GCC_WARN_UNUSED_FUNCTION = YES;
				GCC_WARN_UNUSED_VARIABLE = YES;
				IPHONEOS_DEPLOYMENT_TARGET = 16.1;
				MTL_ENABLE_DEBUG_INFO = NO;
				MTL_FAST_MATH = YES;
				SDKROOT = iphoneos;
				SWIFT_COMPILATION_MODE = wholemodule;
				SWIFT_OPTIMIZATION_LEVEL = "-O";
				VALIDATE_PRODUCT = YES;
			};
			name = Release;
		};
		E79335E529FEC91700750213 /* Debug */ = {
			isa = XCBuildConfiguration;
			buildSettings = {
				ASSETCATALOG_COMPILER_APPICON_NAME = AppIcon;
				ASSETCATALOG_COMPILER_GLOBAL_ACCENT_COLOR_NAME = AccentColor;
				CODE_SIGN_STYLE = Automatic;
				CURRENT_PROJECT_VERSION = 1;
				GENERATE_INFOPLIST_FILE = YES;
				INFOPLIST_FILE = RickAndMorty/Info.plist;
				INFOPLIST_KEY_UIApplicationSupportsIndirectInputEvents = YES;
				INFOPLIST_KEY_UILaunchStoryboardName = LaunchScreen;
				INFOPLIST_KEY_UISupportedInterfaceOrientations_iPad = "UIInterfaceOrientationPortrait UIInterfaceOrientationPortraitUpsideDown UIInterfaceOrientationLandscapeLeft UIInterfaceOrientationLandscapeRight";
				INFOPLIST_KEY_UISupportedInterfaceOrientations_iPhone = "UIInterfaceOrientationPortrait UIInterfaceOrientationLandscapeLeft UIInterfaceOrientationLandscapeRight";
				LD_RUNPATH_SEARCH_PATHS = (
					"$(inherited)",
					"@executable_path/Frameworks",
				);
				MARKETING_VERSION = 1.0;
				PRODUCT_BUNDLE_IDENTIFIER = com.example.RickAndMorty;
				PRODUCT_NAME = "$(TARGET_NAME)";
				SWIFT_EMIT_LOC_STRINGS = YES;
				SWIFT_VERSION = 5.0;
				TARGETED_DEVICE_FAMILY = "1,2";
			};
			name = Debug;
		};
		E79335E629FEC91700750213 /* Release */ = {
			isa = XCBuildConfiguration;
			buildSettings = {
				ASSETCATALOG_COMPILER_APPICON_NAME = AppIcon;
				ASSETCATALOG_COMPILER_GLOBAL_ACCENT_COLOR_NAME = AccentColor;
				CODE_SIGN_STYLE = Automatic;
				CURRENT_PROJECT_VERSION = 1;
				GENERATE_INFOPLIST_FILE = YES;
				INFOPLIST_FILE = RickAndMorty/Info.plist;
				INFOPLIST_KEY_UIApplicationSupportsIndirectInputEvents = YES;
				INFOPLIST_KEY_UILaunchStoryboardName = LaunchScreen;
				INFOPLIST_KEY_UISupportedInterfaceOrientations_iPad = "UIInterfaceOrientationPortrait UIInterfaceOrientationPortraitUpsideDown UIInterfaceOrientationLandscapeLeft UIInterfaceOrientationLandscapeRight";
				INFOPLIST_KEY_UISupportedInterfaceOrientations_iPhone = "UIInterfaceOrientationPortrait UIInterfaceOrientationLandscapeLeft UIInterfaceOrientationLandscapeRight";
				LD_RUNPATH_SEARCH_PATHS = (
					"$(inherited)",
					"@executable_path/Frameworks",
				);
				MARKETING_VERSION = 1.0;
				PRODUCT_BUNDLE_IDENTIFIER = com.example.RickAndMorty;
				PRODUCT_NAME = "$(TARGET_NAME)";
				SWIFT_EMIT_LOC_STRINGS = YES;
				SWIFT_VERSION = 5.0;
				TARGETED_DEVICE_FAMILY = "1,2";
			};
			name = Release;
		};
/* End XCBuildConfiguration section */

/* Begin XCConfigurationList section */
		E79335CB29FEC91600750213 /* Build configuration list for PBXProject "RickAndMorty" */ = {
			isa = XCConfigurationList;
			buildConfigurations = (
				E79335E229FEC91700750213 /* Debug */,
				E79335E329FEC91700750213 /* Release */,
			);
			defaultConfigurationIsVisible = 0;
			defaultConfigurationName = Release;
		};
		E79335E429FEC91700750213 /* Build configuration list for PBXNativeTarget "RickAndMorty" */ = {
			isa = XCConfigurationList;
			buildConfigurations = (
				E79335E529FEC91700750213 /* Debug */,
				E79335E629FEC91700750213 /* Release */,
			);
			defaultConfigurationIsVisible = 0;
			defaultConfigurationName = Release;
		};
/* End XCConfigurationList section */
	};
	rootObject = E79335C829FEC91600750213 /* Project object */;
}
