// !$*UTF8*$!
{
	archiveVersion = 1;
	classes = {
	};
	objectVersion = 56;
	objects = {

/* Begin PBXBuildFile section */
		E702F2732A24D20400033453 /* RMLocationView.swift in Sources */ = {isa = PBXBuildFile; fileRef = E702F2722A24D20400033453 /* RMLocationView.swift */; };
		E702F2762A24D4B500033453 /* RMLocationViewViewModel.swift in Sources */ = {isa = PBXBuildFile; fileRef = E702F2752A24D4B500033453 /* RMLocationViewViewModel.swift */; };
		E702F2782A24D63F00033453 /* RMGetAllLocationsResponse.swift in Sources */ = {isa = PBXBuildFile; fileRef = E702F2772A24D63F00033453 /* RMGetAllLocationsResponse.swift */; };
		E718EB292A208D8300278F41 /* RMGetAllEpisodesResponse.swift in Sources */ = {isa = PBXBuildFile; fileRef = E718EB282A208D8300278F41 /* RMGetAllEpisodesResponse.swift */; };
		E718EB2B2A20953400278F41 /* RMSearchViewController.swift in Sources */ = {isa = PBXBuildFile; fileRef = E718EB2A2A20953400278F41 /* RMSearchViewController.swift */; };
		E718EB2D2A20A4F600278F41 /* RMEpisodeInfoCollectionViewCellViewModel.swift in Sources */ = {isa = PBXBuildFile; fileRef = E718EB2C2A20A4F600278F41 /* RMEpisodeInfoCollectionViewCellViewModel.swift */; };
		E718EB302A20A55500278F41 /* RMEpisodeInfoCollectionViewCell.swift in Sources */ = {isa = PBXBuildFile; fileRef = E718EB2F2A20A55500278F41 /* RMEpisodeInfoCollectionViewCell.swift */; };
		E718EB362A21111C00278F41 /* RMSettingsViewViewModel.swift in Sources */ = {isa = PBXBuildFile; fileRef = E718EB352A21111C00278F41 /* RMSettingsViewViewModel.swift */; };
		E718EB382A21118A00278F41 /* RMSettingsCellViewModel.swift in Sources */ = {isa = PBXBuildFile; fileRef = E718EB372A21118A00278F41 /* RMSettingsCellViewModel.swift */; };
		E718EB3A2A21120500278F41 /* RMSettingsOption.swift in Sources */ = {isa = PBXBuildFile; fileRef = E718EB392A21120500278F41 /* RMSettingsOption.swift */; };
		E718EB3D2A21161800278F41 /* RMSettingsView.swift in Sources */ = {isa = PBXBuildFile; fileRef = E718EB3C2A21161800278F41 /* RMSettingsView.swift */; };
		E75AD00F2A13BEE3007386F1 /* RMFooterLoadingCollectionReusableView.swift in Sources */ = {isa = PBXBuildFile; fileRef = E75AD00E2A13BEE3007386F1 /* RMFooterLoadingCollectionReusableView.swift */; };
		E79335D429FEC91600750213 /* AppDelegate.swift in Sources */ = {isa = PBXBuildFile; fileRef = E79335D329FEC91600750213 /* AppDelegate.swift */; };
		E79335D629FEC91600750213 /* SceneDelegate.swift in Sources */ = {isa = PBXBuildFile; fileRef = E79335D529FEC91600750213 /* SceneDelegate.swift */; };
		E79335D829FEC91600750213 /* RmTabBarController.swift in Sources */ = {isa = PBXBuildFile; fileRef = E79335D729FEC91600750213 /* RmTabBarController.swift */; };
		E79335DD29FEC91700750213 /* Assets.xcassets in Resources */ = {isa = PBXBuildFile; fileRef = E79335DC29FEC91700750213 /* Assets.xcassets */; };
		E79335E029FEC91700750213 /* LaunchScreen.storyboard in Resources */ = {isa = PBXBuildFile; fileRef = E79335DE29FEC91700750213 /* LaunchScreen.storyboard */; };
		E79335EF29FECC8800750213 /* RMLocation.swift in Sources */ = {isa = PBXBuildFile; fileRef = E79335EE29FECC8800750213 /* RMLocation.swift */; };
		E79335F129FECCA200750213 /* RMCharacter.swift in Sources */ = {isa = PBXBuildFile; fileRef = E79335F029FECCA200750213 /* RMCharacter.swift */; };
		E79335F329FECCAD00750213 /* RMEpisode.swift in Sources */ = {isa = PBXBuildFile; fileRef = E79335F229FECCAD00750213 /* RMEpisode.swift */; };
		E79335F729FECD2C00750213 /* RMCharacterViewController.swift in Sources */ = {isa = PBXBuildFile; fileRef = E79335F629FECD2C00750213 /* RMCharacterViewController.swift */; };
		E79335F929FECD3A00750213 /* RMEpisodeViewController.swift in Sources */ = {isa = PBXBuildFile; fileRef = E79335F829FECD3A00750213 /* RMEpisodeViewController.swift */; };
		E79335FB29FECD4300750213 /* RMLocationViewController.swift in Sources */ = {isa = PBXBuildFile; fileRef = E79335FA29FECD4300750213 /* RMLocationViewController.swift */; };
		E79335FD29FECDBF00750213 /* RMSettingsViewController.swift in Sources */ = {isa = PBXBuildFile; fileRef = E79335FC29FECDBF00750213 /* RMSettingsViewController.swift */; };
		E79335FF29FED65900750213 /* RMService.swift in Sources */ = {isa = PBXBuildFile; fileRef = E79335FE29FED65900750213 /* RMService.swift */; };
		E793360129FED66D00750213 /* RMRequest.swift in Sources */ = {isa = PBXBuildFile; fileRef = E793360029FED66D00750213 /* RMRequest.swift */; };
		E793360329FED71000750213 /* RMEndpoint.swift in Sources */ = {isa = PBXBuildFile; fileRef = E793360229FED71000750213 /* RMEndpoint.swift */; };
		E793360529FEE05A00750213 /* RMOrigin.swift in Sources */ = {isa = PBXBuildFile; fileRef = E793360429FEE05A00750213 /* RMOrigin.swift */; };
		E793360729FEE41400750213 /* RMCharacterStatus.swift in Sources */ = {isa = PBXBuildFile; fileRef = E793360629FEE41400750213 /* RMCharacterStatus.swift */; };
		E793360929FEE5DE00750213 /* RMCharacterGender.swift in Sources */ = {isa = PBXBuildFile; fileRef = E793360829FEE5DE00750213 /* RMCharacterGender.swift */; };
		E7B815692A1506930013EF19 /* RMImageLoader.swift in Sources */ = {isa = PBXBuildFile; fileRef = E7B815682A1506930013EF19 /* RMImageLoader.swift */; };
		E7CCC8C62A0262E600578152 /* RMGetAllCharactersResponse.swift in Sources */ = {isa = PBXBuildFile; fileRef = E7CCC8C52A0262E600578152 /* RMGetAllCharactersResponse.swift */; };
		E7CCC8C82A02679600578152 /* RMCharacterListViewViewModel.swift in Sources */ = {isa = PBXBuildFile; fileRef = E7CCC8C72A02679600578152 /* RMCharacterListViewViewModel.swift */; };
		E7CCC8CA2A0267F500578152 /* RMCharacterListView.swift in Sources */ = {isa = PBXBuildFile; fileRef = E7CCC8C92A0267F500578152 /* RMCharacterListView.swift */; };
		E7CCC8CC2A026D4200578152 /* Extensions.swift in Sources */ = {isa = PBXBuildFile; fileRef = E7CCC8CB2A026D4200578152 /* Extensions.swift */; };
		E7CCC8CE2A02761C00578152 /* RMCharacterCollectionViewCell.swift in Sources */ = {isa = PBXBuildFile; fileRef = E7CCC8CD2A02761C00578152 /* RMCharacterCollectionViewCell.swift */; };
		E7CCC8D02A02775A00578152 /* RMCharacterListViewCellViewModel.swift in Sources */ = {isa = PBXBuildFile; fileRef = E7CCC8CF2A02775A00578152 /* RMCharacterListViewCellViewModel.swift */; };
		E7CCC8D32A02C59A00578152 /* RMCharacterDetailViewController.swift in Sources */ = {isa = PBXBuildFile; fileRef = E7CCC8D22A02C59A00578152 /* RMCharacterDetailViewController.swift */; };
		E7CCC8D62A02C63D00578152 /* RMCharacterDetailView.swift in Sources */ = {isa = PBXBuildFile; fileRef = E7CCC8D52A02C63D00578152 /* RMCharacterDetailView.swift */; };
		E7CCC8D82A02C66500578152 /* RMCharacterDetailViewViewModel.swift in Sources */ = {isa = PBXBuildFile; fileRef = E7CCC8D72A02C66500578152 /* RMCharacterDetailViewViewModel.swift */; };
		E7D596E92A160E42008EAB2D /* RMCharacterPhotoCollectionViewCell.swift in Sources */ = {isa = PBXBuildFile; fileRef = E7D596E82A160E42008EAB2D /* RMCharacterPhotoCollectionViewCell.swift */; };
		E7D596EB2A160E51008EAB2D /* RMCharacterInfoCollectionViewCell.swift in Sources */ = {isa = PBXBuildFile; fileRef = E7D596EA2A160E51008EAB2D /* RMCharacterInfoCollectionViewCell.swift */; };
		E7D596ED2A160E60008EAB2D /* RMCharacterEpisodeCollectionViewCell.swift in Sources */ = {isa = PBXBuildFile; fileRef = E7D596EC2A160E60008EAB2D /* RMCharacterEpisodeCollectionViewCell.swift */; };
		E7D596F02A160E94008EAB2D /* RMCharacterPhotoCollectionViewCellViewModel.swift in Sources */ = {isa = PBXBuildFile; fileRef = E7D596EF2A160E94008EAB2D /* RMCharacterPhotoCollectionViewCellViewModel.swift */; };
		E7D596F22A160EA2008EAB2D /* RMCharacterInfoCollectionViewCellViewModel.swift in Sources */ = {isa = PBXBuildFile; fileRef = E7D596F12A160EA2008EAB2D /* RMCharacterInfoCollectionViewCellViewModel.swift */; };
		E7D596F42A160EB6008EAB2D /* RMCharacterEpisodeCollectionViewCellViewModel.swift in Sources */ = {isa = PBXBuildFile; fileRef = E7D596F32A160EB6008EAB2D /* RMCharacterEpisodeCollectionViewCellViewModel.swift */; };
		E7DEE20C2A2C9A18002D6E77 /* RMLocationTableViewCell.swift in Sources */ = {isa = PBXBuildFile; fileRef = E7DEE20B2A2C9A18002D6E77 /* RMLocationTableViewCell.swift */; };
		E7DEE20E2A2C9AB4002D6E77 /* RMLocationTableViewCellViewModel.swift in Sources */ = {isa = PBXBuildFile; fileRef = E7DEE20D2A2C9AB4002D6E77 /* RMLocationTableViewCellViewModel.swift */; };
		E7DEE2102A2D1630002D6E77 /* RMLocationDetailViewController.swift in Sources */ = {isa = PBXBuildFile; fileRef = E7DEE20F2A2D1630002D6E77 /* RMLocationDetailViewController.swift */; };
		E7DEE2132A2D17C7002D6E77 /* RMLocationDetailView.swift in Sources */ = {isa = PBXBuildFile; fileRef = E7DEE2122A2D17C7002D6E77 /* RMLocationDetailView.swift */; };
		E7DEE2172A2D18B6002D6E77 /* RMLocationDetailViewViewModel.swift in Sources */ = {isa = PBXBuildFile; fileRef = E7DEE2162A2D18B6002D6E77 /* RMLocationDetailViewViewModel.swift */; };
		E7E535582A1D0B6700727BAD /* RMEpisodeDetailViewController.swift in Sources */ = {isa = PBXBuildFile; fileRef = E7E535572A1D0B6700727BAD /* RMEpisodeDetailViewController.swift */; };
		E7E5355A2A1D127F00727BAD /* RMAPICacheManager.swift in Sources */ = {isa = PBXBuildFile; fileRef = E7E535592A1D127F00727BAD /* RMAPICacheManager.swift */; };
		E7E5355C2A1D169400727BAD /* RMEpisodeDetailViewViewModel.swift in Sources */ = {isa = PBXBuildFile; fileRef = E7E5355B2A1D169400727BAD /* RMEpisodeDetailViewViewModel.swift */; };
		E7E5355E2A1D172800727BAD /* RMEpisodeDetailView.swift in Sources */ = {isa = PBXBuildFile; fileRef = E7E5355D2A1D172800727BAD /* RMEpisodeDetailView.swift */; };
		E7E535612A1D34D500727BAD /* RMEpisodeListView.swift in Sources */ = {isa = PBXBuildFile; fileRef = E7E535602A1D34D500727BAD /* RMEpisodeListView.swift */; };
		E7E535632A1D37E100727BAD /* RMEpisodeListViewViewModel.swift in Sources */ = {isa = PBXBuildFile; fileRef = E7E535622A1D37E100727BAD /* RMEpisodeListViewViewModel.swift */; };
/* End PBXBuildFile section */

/* Begin PBXFileReference section */
		E702F2722A24D20400033453 /* RMLocationView.swift */ = {isa = PBXFileReference; lastKnownFileType = sourcecode.swift; path = RMLocationView.swift; sourceTree = "<group>"; };
		E702F2752A24D4B500033453 /* RMLocationViewViewModel.swift */ = {isa = PBXFileReference; lastKnownFileType = sourcecode.swift; path = RMLocationViewViewModel.swift; sourceTree = "<group>"; };
		E702F2772A24D63F00033453 /* RMGetAllLocationsResponse.swift */ = {isa = PBXFileReference; lastKnownFileType = sourcecode.swift; path = RMGetAllLocationsResponse.swift; sourceTree = "<group>"; };
		E718EB282A208D8300278F41 /* RMGetAllEpisodesResponse.swift */ = {isa = PBXFileReference; lastKnownFileType = sourcecode.swift; path = RMGetAllEpisodesResponse.swift; sourceTree = "<group>"; };
		E718EB2A2A20953400278F41 /* RMSearchViewController.swift */ = {isa = PBXFileReference; lastKnownFileType = sourcecode.swift; path = RMSearchViewController.swift; sourceTree = "<group>"; };
		E718EB2C2A20A4F600278F41 /* RMEpisodeInfoCollectionViewCellViewModel.swift */ = {isa = PBXFileReference; lastKnownFileType = sourcecode.swift; path = RMEpisodeInfoCollectionViewCellViewModel.swift; sourceTree = "<group>"; };
		E718EB2F2A20A55500278F41 /* RMEpisodeInfoCollectionViewCell.swift */ = {isa = PBXFileReference; lastKnownFileType = sourcecode.swift; path = RMEpisodeInfoCollectionViewCell.swift; sourceTree = "<group>"; };
		E718EB352A21111C00278F41 /* RMSettingsViewViewModel.swift */ = {isa = PBXFileReference; lastKnownFileType = sourcecode.swift; path = RMSettingsViewViewModel.swift; sourceTree = "<group>"; };
		E718EB372A21118A00278F41 /* RMSettingsCellViewModel.swift */ = {isa = PBXFileReference; lastKnownFileType = sourcecode.swift; path = RMSettingsCellViewModel.swift; sourceTree = "<group>"; };
		E718EB392A21120500278F41 /* RMSettingsOption.swift */ = {isa = PBXFileReference; lastKnownFileType = sourcecode.swift; path = RMSettingsOption.swift; sourceTree = "<group>"; };
		E718EB3C2A21161800278F41 /* RMSettingsView.swift */ = {isa = PBXFileReference; lastKnownFileType = sourcecode.swift; path = RMSettingsView.swift; sourceTree = "<group>"; };
		E75AD00E2A13BEE3007386F1 /* RMFooterLoadingCollectionReusableView.swift */ = {isa = PBXFileReference; lastKnownFileType = sourcecode.swift; path = RMFooterLoadingCollectionReusableView.swift; sourceTree = "<group>"; };
		E79335D029FEC91600750213 /* RickAndMorty.app */ = {isa = PBXFileReference; explicitFileType = wrapper.application; includeInIndex = 0; path = RickAndMorty.app; sourceTree = BUILT_PRODUCTS_DIR; };
		E79335D329FEC91600750213 /* AppDelegate.swift */ = {isa = PBXFileReference; lastKnownFileType = sourcecode.swift; path = AppDelegate.swift; sourceTree = "<group>"; };
		E79335D529FEC91600750213 /* SceneDelegate.swift */ = {isa = PBXFileReference; lastKnownFileType = sourcecode.swift; path = SceneDelegate.swift; sourceTree = "<group>"; };
		E79335D729FEC91600750213 /* RmTabBarController.swift */ = {isa = PBXFileReference; lastKnownFileType = sourcecode.swift; path = RmTabBarController.swift; sourceTree = "<group>"; };
		E79335DC29FEC91700750213 /* Assets.xcassets */ = {isa = PBXFileReference; lastKnownFileType = folder.assetcatalog; path = Assets.xcassets; sourceTree = "<group>"; };
		E79335DF29FEC91700750213 /* Base */ = {isa = PBXFileReference; lastKnownFileType = file.storyboard; name = Base; path = Base.lproj/LaunchScreen.storyboard; sourceTree = "<group>"; };
		E79335E129FEC91700750213 /* Info.plist */ = {isa = PBXFileReference; lastKnownFileType = text.plist.xml; path = Info.plist; sourceTree = "<group>"; };
		E79335EE29FECC8800750213 /* RMLocation.swift */ = {isa = PBXFileReference; lastKnownFileType = sourcecode.swift; path = RMLocation.swift; sourceTree = "<group>"; };
		E79335F029FECCA200750213 /* RMCharacter.swift */ = {isa = PBXFileReference; lastKnownFileType = sourcecode.swift; path = RMCharacter.swift; sourceTree = "<group>"; };
		E79335F229FECCAD00750213 /* RMEpisode.swift */ = {isa = PBXFileReference; lastKnownFileType = sourcecode.swift; path = RMEpisode.swift; sourceTree = "<group>"; };
		E79335F629FECD2C00750213 /* RMCharacterViewController.swift */ = {isa = PBXFileReference; lastKnownFileType = sourcecode.swift; path = RMCharacterViewController.swift; sourceTree = "<group>"; };
		E79335F829FECD3A00750213 /* RMEpisodeViewController.swift */ = {isa = PBXFileReference; lastKnownFileType = sourcecode.swift; path = RMEpisodeViewController.swift; sourceTree = "<group>"; };
		E79335FA29FECD4300750213 /* RMLocationViewController.swift */ = {isa = PBXFileReference; lastKnownFileType = sourcecode.swift; path = RMLocationViewController.swift; sourceTree = "<group>"; };
		E79335FC29FECDBF00750213 /* RMSettingsViewController.swift */ = {isa = PBXFileReference; lastKnownFileType = sourcecode.swift; path = RMSettingsViewController.swift; sourceTree = "<group>"; };
		E79335FE29FED65900750213 /* RMService.swift */ = {isa = PBXFileReference; lastKnownFileType = sourcecode.swift; path = RMService.swift; sourceTree = "<group>"; };
		E793360029FED66D00750213 /* RMRequest.swift */ = {isa = PBXFileReference; lastKnownFileType = sourcecode.swift; path = RMRequest.swift; sourceTree = "<group>"; };
		E793360229FED71000750213 /* RMEndpoint.swift */ = {isa = PBXFileReference; lastKnownFileType = sourcecode.swift; path = RMEndpoint.swift; sourceTree = "<group>"; };
		E793360429FEE05A00750213 /* RMOrigin.swift */ = {isa = PBXFileReference; lastKnownFileType = sourcecode.swift; path = RMOrigin.swift; sourceTree = "<group>"; };
		E793360629FEE41400750213 /* RMCharacterStatus.swift */ = {isa = PBXFileReference; lastKnownFileType = sourcecode.swift; path = RMCharacterStatus.swift; sourceTree = "<group>"; };
		E793360829FEE5DE00750213 /* RMCharacterGender.swift */ = {isa = PBXFileReference; lastKnownFileType = sourcecode.swift; path = RMCharacterGender.swift; sourceTree = "<group>"; };
		E7B815682A1506930013EF19 /* RMImageLoader.swift */ = {isa = PBXFileReference; lastKnownFileType = sourcecode.swift; path = RMImageLoader.swift; sourceTree = "<group>"; };
		E7CCC8C52A0262E600578152 /* RMGetAllCharactersResponse.swift */ = {isa = PBXFileReference; lastKnownFileType = sourcecode.swift; path = RMGetAllCharactersResponse.swift; sourceTree = "<group>"; };
		E7CCC8C72A02679600578152 /* RMCharacterListViewViewModel.swift */ = {isa = PBXFileReference; lastKnownFileType = sourcecode.swift; path = RMCharacterListViewViewModel.swift; sourceTree = "<group>"; };
		E7CCC8C92A0267F500578152 /* RMCharacterListView.swift */ = {isa = PBXFileReference; lastKnownFileType = sourcecode.swift; path = RMCharacterListView.swift; sourceTree = "<group>"; };
		E7CCC8CB2A026D4200578152 /* Extensions.swift */ = {isa = PBXFileReference; lastKnownFileType = sourcecode.swift; path = Extensions.swift; sourceTree = "<group>"; };
		E7CCC8CD2A02761C00578152 /* RMCharacterCollectionViewCell.swift */ = {isa = PBXFileReference; lastKnownFileType = sourcecode.swift; path = RMCharacterCollectionViewCell.swift; sourceTree = "<group>"; };
		E7CCC8CF2A02775A00578152 /* RMCharacterListViewCellViewModel.swift */ = {isa = PBXFileReference; lastKnownFileType = sourcecode.swift; path = RMCharacterListViewCellViewModel.swift; sourceTree = "<group>"; };
		E7CCC8D22A02C59A00578152 /* RMCharacterDetailViewController.swift */ = {isa = PBXFileReference; lastKnownFileType = sourcecode.swift; path = RMCharacterDetailViewController.swift; sourceTree = "<group>"; };
		E7CCC8D52A02C63D00578152 /* RMCharacterDetailView.swift */ = {isa = PBXFileReference; lastKnownFileType = sourcecode.swift; path = RMCharacterDetailView.swift; sourceTree = "<group>"; };
		E7CCC8D72A02C66500578152 /* RMCharacterDetailViewViewModel.swift */ = {isa = PBXFileReference; lastKnownFileType = sourcecode.swift; path = RMCharacterDetailViewViewModel.swift; sourceTree = "<group>"; };
		E7D596E82A160E42008EAB2D /* RMCharacterPhotoCollectionViewCell.swift */ = {isa = PBXFileReference; lastKnownFileType = sourcecode.swift; path = RMCharacterPhotoCollectionViewCell.swift; sourceTree = "<group>"; };
		E7D596EA2A160E51008EAB2D /* RMCharacterInfoCollectionViewCell.swift */ = {isa = PBXFileReference; lastKnownFileType = sourcecode.swift; path = RMCharacterInfoCollectionViewCell.swift; sourceTree = "<group>"; };
		E7D596EC2A160E60008EAB2D /* RMCharacterEpisodeCollectionViewCell.swift */ = {isa = PBXFileReference; lastKnownFileType = sourcecode.swift; path = RMCharacterEpisodeCollectionViewCell.swift; sourceTree = "<group>"; };
		E7D596EF2A160E94008EAB2D /* RMCharacterPhotoCollectionViewCellViewModel.swift */ = {isa = PBXFileReference; lastKnownFileType = sourcecode.swift; path = RMCharacterPhotoCollectionViewCellViewModel.swift; sourceTree = "<group>"; };
		E7D596F12A160EA2008EAB2D /* RMCharacterInfoCollectionViewCellViewModel.swift */ = {isa = PBXFileReference; lastKnownFileType = sourcecode.swift; path = RMCharacterInfoCollectionViewCellViewModel.swift; sourceTree = "<group>"; };
		E7D596F32A160EB6008EAB2D /* RMCharacterEpisodeCollectionViewCellViewModel.swift */ = {isa = PBXFileReference; lastKnownFileType = sourcecode.swift; path = RMCharacterEpisodeCollectionViewCellViewModel.swift; sourceTree = "<group>"; };
		E7DEE20B2A2C9A18002D6E77 /* RMLocationTableViewCell.swift */ = {isa = PBXFileReference; lastKnownFileType = sourcecode.swift; path = RMLocationTableViewCell.swift; sourceTree = "<group>"; };
		E7DEE20D2A2C9AB4002D6E77 /* RMLocationTableViewCellViewModel.swift */ = {isa = PBXFileReference; lastKnownFileType = sourcecode.swift; path = RMLocationTableViewCellViewModel.swift; sourceTree = "<group>"; };
		E7DEE20F2A2D1630002D6E77 /* RMLocationDetailViewController.swift */ = {isa = PBXFileReference; lastKnownFileType = sourcecode.swift; path = RMLocationDetailViewController.swift; sourceTree = "<group>"; };
		E7DEE2122A2D17C7002D6E77 /* RMLocationDetailView.swift */ = {isa = PBXFileReference; lastKnownFileType = sourcecode.swift; path = RMLocationDetailView.swift; sourceTree = "<group>"; };
		E7DEE2162A2D18B6002D6E77 /* RMLocationDetailViewViewModel.swift */ = {isa = PBXFileReference; lastKnownFileType = sourcecode.swift; path = RMLocationDetailViewViewModel.swift; sourceTree = "<group>"; };
		E7E535572A1D0B6700727BAD /* RMEpisodeDetailViewController.swift */ = {isa = PBXFileReference; lastKnownFileType = sourcecode.swift; path = RMEpisodeDetailViewController.swift; sourceTree = "<group>"; };
		E7E535592A1D127F00727BAD /* RMAPICacheManager.swift */ = {isa = PBXFileReference; lastKnownFileType = sourcecode.swift; path = RMAPICacheManager.swift; sourceTree = "<group>"; };
		E7E5355B2A1D169400727BAD /* RMEpisodeDetailViewViewModel.swift */ = {isa = PBXFileReference; lastKnownFileType = sourcecode.swift; path = RMEpisodeDetailViewViewModel.swift; sourceTree = "<group>"; };
		E7E5355D2A1D172800727BAD /* RMEpisodeDetailView.swift */ = {isa = PBXFileReference; lastKnownFileType = sourcecode.swift; path = RMEpisodeDetailView.swift; sourceTree = "<group>"; };
		E7E535602A1D34D500727BAD /* RMEpisodeListView.swift */ = {isa = PBXFileReference; lastKnownFileType = sourcecode.swift; path = RMEpisodeListView.swift; sourceTree = "<group>"; };
		E7E535622A1D37E100727BAD /* RMEpisodeListViewViewModel.swift */ = {isa = PBXFileReference; lastKnownFileType = sourcecode.swift; path = RMEpisodeListViewViewModel.swift; sourceTree = "<group>"; };
/* End PBXFileReference section */

/* Begin PBXFrameworksBuildPhase section */
		E79335CD29FEC91600750213 /* Frameworks */ = {
			isa = PBXFrameworksBuildPhase;
			buildActionMask = 2147483647;
			files = (
			);
			runOnlyForDeploymentPostprocessing = 0;
		};
/* End PBXFrameworksBuildPhase section */

/* Begin PBXGroup section */
		E702F2712A24D1ED00033453 /* Location */ = {
			isa = PBXGroup;
			children = (
				E702F2722A24D20400033453 /* RMLocationView.swift */,
				E7DEE20B2A2C9A18002D6E77 /* RMLocationTableViewCell.swift */,
			);
			path = Location;
			sourceTree = "<group>";
		};
		E702F2742A24D4A500033453 /* Location */ = {
			isa = PBXGroup;
			children = (
				E702F2752A24D4B500033453 /* RMLocationViewViewModel.swift */,
				E7DEE20D2A2C9AB4002D6E77 /* RMLocationTableViewCellViewModel.swift */,
			);
			path = Location;
			sourceTree = "<group>";
		};
		E718EB2E2A20A50B00278F41 /* EpisodeDetail */ = {
			isa = PBXGroup;
			children = (
				E7E5355D2A1D172800727BAD /* RMEpisodeDetailView.swift */,
				E718EB2F2A20A55500278F41 /* RMEpisodeInfoCollectionViewCell.swift */,
			);
			path = EpisodeDetail;
			sourceTree = "<group>";
		};
		E718EB312A20A56500278F41 /* EpisodeDetails */ = {
			isa = PBXGroup;
			children = (
				E7E5355B2A1D169400727BAD /* RMEpisodeDetailViewViewModel.swift */,
				E718EB2C2A20A4F600278F41 /* RMEpisodeInfoCollectionViewCellViewModel.swift */,
			);
			path = EpisodeDetails;
			sourceTree = "<group>";
		};
		E718EB322A20A57C00278F41 /* Character */ = {
			isa = PBXGroup;
			children = (
				E7CCC8CF2A02775A00578152 /* RMCharacterListViewCellViewModel.swift */,
				E7CCC8C72A02679600578152 /* RMCharacterListViewViewModel.swift */,
			);
			path = Character;
			sourceTree = "<group>";
		};
		E718EB332A20A58900278F41 /* Episode */ = {
			isa = PBXGroup;
			children = (
				E7E535622A1D37E100727BAD /* RMEpisodeListViewViewModel.swift */,
			);
			path = Episode;
			sourceTree = "<group>";
		};
		E718EB342A21110C00278F41 /* Settings */ = {
			isa = PBXGroup;
			children = (
				E718EB352A21111C00278F41 /* RMSettingsViewViewModel.swift */,
				E718EB372A21118A00278F41 /* RMSettingsCellViewModel.swift */,
				E718EB392A21120500278F41 /* RMSettingsOption.swift */,
			);
			path = Settings;
			sourceTree = "<group>";
		};
		E718EB3B2A21160300278F41 /* SwiftUI */ = {
			isa = PBXGroup;
			children = (
				E718EB3C2A21161800278F41 /* RMSettingsView.swift */,
			);
			path = SwiftUI;
			sourceTree = "<group>";
		};
		E79335C729FEC91600750213 = {
			isa = PBXGroup;
			children = (
				E79335D229FEC91600750213 /* RickAndMorty */,
				E79335D129FEC91600750213 /* Products */,
			);
			sourceTree = "<group>";
		};
		E79335D129FEC91600750213 /* Products */ = {
			isa = PBXGroup;
			children = (
				E79335D029FEC91600750213 /* RickAndMorty.app */,
			);
			name = Products;
			sourceTree = "<group>";
		};
		E79335D229FEC91600750213 /* RickAndMorty */ = {
			isa = PBXGroup;
			children = (
				E79335ED29FECB4600750213 /* Resources */,
				E79335EC29FECB3F00750213 /* APIClient */,
				E79335EB29FECB2D00750213 /* Managers */,
				E79335EA29FECAC800750213 /* ViewModels */,
				E79335E929FECAC200750213 /* Views */,
				E79335E829FECABE00750213 /* Models */,
				E79335E729FECAB600750213 /* Controllers */,
				E79335E129FEC91700750213 /* Info.plist */,
			);
			path = RickAndMorty;
			sourceTree = "<group>";
		};
		E79335E729FECAB600750213 /* Controllers */ = {
			isa = PBXGroup;
			children = (
				E7CCC8D12A02C58600578152 /* Other */,
				E79335F529FECD0400750213 /* Core */,
			);
			path = Controllers;
			sourceTree = "<group>";
		};
		E79335E829FECABE00750213 /* Models */ = {
			isa = PBXGroup;
			children = (
				E7CCC8C42A0262C800578152 /* APIResponseTypes */,
				E7CCC8C32A0262B300578152 /* DataTypes */,
			);
			path = Models;
			sourceTree = "<group>";
		};
		E79335E929FECAC200750213 /* Views */ = {
			isa = PBXGroup;
			children = (
				E7DEE2112A2D17A7002D6E77 /* LocationDetail */,
				E702F2712A24D1ED00033453 /* Location */,
				E718EB3B2A21160300278F41 /* SwiftUI */,
				E718EB2E2A20A50B00278F41 /* EpisodeDetail */,
				E7E5355F2A1D34C100727BAD /* Episode */,
				E7B8156A2A151E950013EF19 /* CharacterDetails */,
				E7B8156B2A151EF30013EF19 /* Character */,
				E75AD00E2A13BEE3007386F1 /* RMFooterLoadingCollectionReusableView.swift */,
			);
			path = Views;
			sourceTree = "<group>";
		};
		E79335EA29FECAC800750213 /* ViewModels */ = {
			isa = PBXGroup;
			children = (
				E7DEE2152A2D18A7002D6E77 /* LocationDetails */,
				E702F2742A24D4A500033453 /* Location */,
				E718EB342A21110C00278F41 /* Settings */,
				E718EB322A20A57C00278F41 /* Character */,
				E718EB312A20A56500278F41 /* EpisodeDetails */,
				E7D596EE2A160E6F008EAB2D /* CharacterDetails */,
				E718EB332A20A58900278F41 /* Episode */,
			);
			path = ViewModels;
			sourceTree = "<group>";
		};
		E79335EB29FECB2D00750213 /* Managers */ = {
			isa = PBXGroup;
			children = (
				E7B815682A1506930013EF19 /* RMImageLoader.swift */,
				E7E535592A1D127F00727BAD /* RMAPICacheManager.swift */,
			);
			path = Managers;
			sourceTree = "<group>";
		};
		E79335EC29FECB3F00750213 /* APIClient */ = {
			isa = PBXGroup;
			children = (
				E79335FE29FED65900750213 /* RMService.swift */,
				E793360029FED66D00750213 /* RMRequest.swift */,
				E793360229FED71000750213 /* RMEndpoint.swift */,
			);
			path = APIClient;
			sourceTree = "<group>";
		};
		E79335ED29FECB4600750213 /* Resources */ = {
			isa = PBXGroup;
			children = (
				E79335DC29FEC91700750213 /* Assets.xcassets */,
				E79335DE29FEC91700750213 /* LaunchScreen.storyboard */,
				E79335D329FEC91600750213 /* AppDelegate.swift */,
				E79335D529FEC91600750213 /* SceneDelegate.swift */,
				E7CCC8CB2A026D4200578152 /* Extensions.swift */,
			);
			path = Resources;
			sourceTree = "<group>";
		};
		E79335F529FECD0400750213 /* Core */ = {
			isa = PBXGroup;
			children = (
				E79335D729FEC91600750213 /* RmTabBarController.swift */,
				E79335F629FECD2C00750213 /* RMCharacterViewController.swift */,
				E79335FA29FECD4300750213 /* RMLocationViewController.swift */,
				E79335F829FECD3A00750213 /* RMEpisodeViewController.swift */,
				E79335FC29FECDBF00750213 /* RMSettingsViewController.swift */,
			);
			path = Core;
			sourceTree = "<group>";
		};
		E7B8156A2A151E950013EF19 /* CharacterDetails */ = {
			isa = PBXGroup;
			children = (
				E7CCC8D52A02C63D00578152 /* RMCharacterDetailView.swift */,
				E7D596E82A160E42008EAB2D /* RMCharacterPhotoCollectionViewCell.swift */,
				E7D596EA2A160E51008EAB2D /* RMCharacterInfoCollectionViewCell.swift */,
				E7D596EC2A160E60008EAB2D /* RMCharacterEpisodeCollectionViewCell.swift */,
			);
			path = CharacterDetails;
			sourceTree = "<group>";
		};
		E7B8156B2A151EF30013EF19 /* Character */ = {
			isa = PBXGroup;
			children = (
				E7CCC8CD2A02761C00578152 /* RMCharacterCollectionViewCell.swift */,
				E7CCC8C92A0267F500578152 /* RMCharacterListView.swift */,
			);
			path = Character;
			sourceTree = "<group>";
		};
		E7CCC8C32A0262B300578152 /* DataTypes */ = {
			isa = PBXGroup;
			children = (
				E79335F029FECCA200750213 /* RMCharacter.swift */,
				E793360629FEE41400750213 /* RMCharacterStatus.swift */,
				E79335EE29FECC8800750213 /* RMLocation.swift */,
				E79335F229FECCAD00750213 /* RMEpisode.swift */,
				E793360829FEE5DE00750213 /* RMCharacterGender.swift */,
				E793360429FEE05A00750213 /* RMOrigin.swift */,
			);
			path = DataTypes;
			sourceTree = "<group>";
		};
		E7CCC8C42A0262C800578152 /* APIResponseTypes */ = {
			isa = PBXGroup;
			children = (
				E7CCC8C52A0262E600578152 /* RMGetAllCharactersResponse.swift */,
				E718EB282A208D8300278F41 /* RMGetAllEpisodesResponse.swift */,
				E702F2772A24D63F00033453 /* RMGetAllLocationsResponse.swift */,
			);
			path = APIResponseTypes;
			sourceTree = "<group>";
		};
		E7CCC8D12A02C58600578152 /* Other */ = {
			isa = PBXGroup;
			children = (
				E7CCC8D22A02C59A00578152 /* RMCharacterDetailViewController.swift */,
				E7DEE20F2A2D1630002D6E77 /* RMLocationDetailViewController.swift */,
				E7E535572A1D0B6700727BAD /* RMEpisodeDetailViewController.swift */,
				E718EB2A2A20953400278F41 /* RMSearchViewController.swift */,
			);
			path = Other;
			sourceTree = "<group>";
		};
		E7D596EE2A160E6F008EAB2D /* CharacterDetails */ = {
			isa = PBXGroup;
			children = (
				E7CCC8D72A02C66500578152 /* RMCharacterDetailViewViewModel.swift */,
				E7D596EF2A160E94008EAB2D /* RMCharacterPhotoCollectionViewCellViewModel.swift */,
				E7D596F12A160EA2008EAB2D /* RMCharacterInfoCollectionViewCellViewModel.swift */,
				E7D596F32A160EB6008EAB2D /* RMCharacterEpisodeCollectionViewCellViewModel.swift */,
			);
			path = CharacterDetails;
			sourceTree = "<group>";
		};
		E7DEE2112A2D17A7002D6E77 /* LocationDetail */ = {
			isa = PBXGroup;
			children = (
				E7DEE2122A2D17C7002D6E77 /* RMLocationDetailView.swift */,
			);
			path = LocationDetail;
			sourceTree = "<group>";
		};
		E7DEE2152A2D18A7002D6E77 /* LocationDetails */ = {
			isa = PBXGroup;
			children = (
				E7DEE2162A2D18B6002D6E77 /* RMLocationDetailViewViewModel.swift */,
			);
			path = LocationDetails;
			sourceTree = "<group>";
		};
		E7E5355F2A1D34C100727BAD /* Episode */ = {
			isa = PBXGroup;
			children = (
				E7E535602A1D34D500727BAD /* RMEpisodeListView.swift */,
			);
			path = Episode;
			sourceTree = "<group>";
		};
/* End PBXGroup section */

/* Begin PBXNativeTarget section */
		E79335CF29FEC91600750213 /* RickAndMorty */ = {
			isa = PBXNativeTarget;
			buildConfigurationList = E79335E429FEC91700750213 /* Build configuration list for PBXNativeTarget "RickAndMorty" */;
			buildPhases = (
				E79335CC29FEC91600750213 /* Sources */,
				E79335CD29FEC91600750213 /* Frameworks */,
				E79335CE29FEC91600750213 /* Resources */,
			);
			buildRules = (
			);
			dependencies = (
			);
			name = RickAndMorty;
			productName = RickAndMorty;
			productReference = E79335D029FEC91600750213 /* RickAndMorty.app */;
			productType = "com.apple.product-type.application";
		};
/* End PBXNativeTarget section */

/* Begin PBXProject section */
		E79335C829FEC91600750213 /* Project object */ = {
			isa = PBXProject;
			attributes = {
				BuildIndependentTargetsInParallel = 1;
				LastSwiftUpdateCheck = 1410;
				LastUpgradeCheck = 1410;
				TargetAttributes = {
					E79335CF29FEC91600750213 = {
						CreatedOnToolsVersion = 14.1;
					};
				};
			};
			buildConfigurationList = E79335CB29FEC91600750213 /* Build configuration list for PBXProject "RickAndMorty" */;
			compatibilityVersion = "Xcode 14.0";
			developmentRegion = en;
			hasScannedForEncodings = 0;
			knownRegions = (
				en,
				Base,
			);
			mainGroup = E79335C729FEC91600750213;
			productRefGroup = E79335D129FEC91600750213 /* Products */;
			projectDirPath = "";
			projectRoot = "";
			targets = (
				E79335CF29FEC91600750213 /* RickAndMorty */,
			);
		};
/* End PBXProject section */

/* Begin PBXResourcesBuildPhase section */
		E79335CE29FEC91600750213 /* Resources */ = {
			isa = PBXResourcesBuildPhase;
			buildActionMask = 2147483647;
			files = (
				E79335E029FEC91700750213 /* LaunchScreen.storyboard in Resources */,
				E79335DD29FEC91700750213 /* Assets.xcassets in Resources */,
			);
			runOnlyForDeploymentPostprocessing = 0;
		};
/* End PBXResourcesBuildPhase section */

/* Begin PBXSourcesBuildPhase section */
		E79335CC29FEC91600750213 /* Sources */ = {
			isa = PBXSourcesBuildPhase;
			buildActionMask = 2147483647;
			files = (
				E718EB2D2A20A4F600278F41 /* RMEpisodeInfoCollectionViewCellViewModel.swift in Sources */,
				E75AD00F2A13BEE3007386F1 /* RMFooterLoadingCollectionReusableView.swift in Sources */,
				E702F2732A24D20400033453 /* RMLocationView.swift in Sources */,
				E718EB3A2A21120500278F41 /* RMSettingsOption.swift in Sources */,
				E7CCC8C62A0262E600578152 /* RMGetAllCharactersResponse.swift in Sources */,
				E718EB382A21118A00278F41 /* RMSettingsCellViewModel.swift in Sources */,
				E718EB2B2A20953400278F41 /* RMSearchViewController.swift in Sources */,
				E793360529FEE05A00750213 /* RMOrigin.swift in Sources */,
				E79335FB29FECD4300750213 /* RMLocationViewController.swift in Sources */,
				E702F2782A24D63F00033453 /* RMGetAllLocationsResponse.swift in Sources */,
				E718EB292A208D8300278F41 /* RMGetAllEpisodesResponse.swift in Sources */,
				E79335F329FECCAD00750213 /* RMEpisode.swift in Sources */,
				E7B815692A1506930013EF19 /* RMImageLoader.swift in Sources */,
				E793360929FEE5DE00750213 /* RMCharacterGender.swift in Sources */,
				E7D596F42A160EB6008EAB2D /* RMCharacterEpisodeCollectionViewCellViewModel.swift in Sources */,
				E718EB362A21111C00278F41 /* RMSettingsViewViewModel.swift in Sources */,
				E7E535582A1D0B6700727BAD /* RMEpisodeDetailViewController.swift in Sources */,
				E702F2762A24D4B500033453 /* RMLocationViewViewModel.swift in Sources */,
				E79335D829FEC91600750213 /* RmTabBarController.swift in Sources */,
				E7E5355E2A1D172800727BAD /* RMEpisodeDetailView.swift in Sources */,
				E79335D429FEC91600750213 /* AppDelegate.swift in Sources */,
				E7DEE2132A2D17C7002D6E77 /* RMLocationDetailView.swift in Sources */,
				E7E5355C2A1D169400727BAD /* RMEpisodeDetailViewViewModel.swift in Sources */,
				E7E535612A1D34D500727BAD /* RMEpisodeListView.swift in Sources */,
				E7CCC8CA2A0267F500578152 /* RMCharacterListView.swift in Sources */,
				E7CCC8D62A02C63D00578152 /* RMCharacterDetailView.swift in Sources */,
				E7E5355A2A1D127F00727BAD /* RMAPICacheManager.swift in Sources */,
				E7CCC8D82A02C66500578152 /* RMCharacterDetailViewViewModel.swift in Sources */,
				E793360729FEE41400750213 /* RMCharacterStatus.swift in Sources */,
				E79335D629FEC91600750213 /* SceneDelegate.swift in Sources */,
				E79335EF29FECC8800750213 /* RMLocation.swift in Sources */,
				E79335FD29FECDBF00750213 /* RMSettingsViewController.swift in Sources */,
				E7D596E92A160E42008EAB2D /* RMCharacterPhotoCollectionViewCell.swift in Sources */,
				E7DEE20E2A2C9AB4002D6E77 /* RMLocationTableViewCellViewModel.swift in Sources */,
				E7D596EB2A160E51008EAB2D /* RMCharacterInfoCollectionViewCell.swift in Sources */,
				E7DEE2102A2D1630002D6E77 /* RMLocationDetailViewController.swift in Sources */,
				E7D596F02A160E94008EAB2D /* RMCharacterPhotoCollectionViewCellViewModel.swift in Sources */,
				E7DEE20C2A2C9A18002D6E77 /* RMLocationTableViewCell.swift in Sources */,
				E79335FF29FED65900750213 /* RMService.swift in Sources */,
				E7DEE2172A2D18B6002D6E77 /* RMLocationDetailViewViewModel.swift in Sources */,
				E79335F129FECCA200750213 /* RMCharacter.swift in Sources */,
				E793360329FED71000750213 /* RMEndpoint.swift in Sources */,
				E7D596F22A160EA2008EAB2D /* RMCharacterInfoCollectionViewCellViewModel.swift in Sources */,
				E7CCC8CC2A026D4200578152 /* Extensions.swift in Sources */,
				E7E535632A1D37E100727BAD /* RMEpisodeListViewViewModel.swift in Sources */,
				E7CCC8C82A02679600578152 /* RMCharacterListViewViewModel.swift in Sources */,
				E718EB3D2A21161800278F41 /* RMSettingsView.swift in Sources */,
				E7CCC8CE2A02761C00578152 /* RMCharacterCollectionViewCell.swift in Sources */,
				E7CCC8D32A02C59A00578152 /* RMCharacterDetailViewController.swift in Sources */,
				E7CCC8D02A02775A00578152 /* RMCharacterListViewCellViewModel.swift in Sources */,
				E79335F729FECD2C00750213 /* RMCharacterViewController.swift in Sources */,
				E7D596ED2A160E60008EAB2D /* RMCharacterEpisodeCollectionViewCell.swift in Sources */,
				E718EB302A20A55500278F41 /* RMEpisodeInfoCollectionViewCell.swift in Sources */,
				E793360129FED66D00750213 /* RMRequest.swift in Sources */,
				E79335F929FECD3A00750213 /* RMEpisodeViewController.swift in Sources */,
			);
			runOnlyForDeploymentPostprocessing = 0;
		};
/* End PBXSourcesBuildPhase section */

/* Begin PBXVariantGroup section */
		E79335DE29FEC91700750213 /* LaunchScreen.storyboard */ = {
			isa = PBXVariantGroup;
			children = (
				E79335DF29FEC91700750213 /* Base */,
			);
			name = LaunchScreen.storyboard;
			sourceTree = "<group>";
		};
/* End PBXVariantGroup section */

/* Begin XCBuildConfiguration section */
		E79335E229FEC91700750213 /* Debug */ = {
			isa = XCBuildConfiguration;
			buildSettings = {
				ALWAYS_SEARCH_USER_PATHS = NO;
				CLANG_ANALYZER_NONNULL = YES;
				CLANG_ANALYZER_NUMBER_OBJECT_CONVERSION = YES_AGGRESSIVE;
				CLANG_CXX_LANGUAGE_STANDARD = "gnu++20";
				CLANG_ENABLE_MODULES = YES;
				CLANG_ENABLE_OBJC_ARC = YES;
				CLANG_ENABLE_OBJC_WEAK = YES;
				CLANG_WARN_BLOCK_CAPTURE_AUTORELEASING = YES;
				CLANG_WARN_BOOL_CONVERSION = YES;
				CLANG_WARN_COMMA = YES;
				CLANG_WARN_CONSTANT_CONVERSION = YES;
				CLANG_WARN_DEPRECATED_OBJC_IMPLEMENTATIONS = YES;
				CLANG_WARN_DIRECT_OBJC_ISA_USAGE = YES_ERROR;
				CLANG_WARN_DOCUMENTATION_COMMENTS = YES;
				CLANG_WARN_EMPTY_BODY = YES;
				CLANG_WARN_ENUM_CONVERSION = YES;
				CLANG_WARN_INFINITE_RECURSION = YES;
				CLANG_WARN_INT_CONVERSION = YES;
				CLANG_WARN_NON_LITERAL_NULL_CONVERSION = YES;
				CLANG_WARN_OBJC_IMPLICIT_RETAIN_SELF = YES;
				CLANG_WARN_OBJC_LITERAL_CONVERSION = YES;
				CLANG_WARN_OBJC_ROOT_CLASS = YES_ERROR;
				CLANG_WARN_QUOTED_INCLUDE_IN_FRAMEWORK_HEADER = YES;
				CLANG_WARN_RANGE_LOOP_ANALYSIS = YES;
				CLANG_WARN_STRICT_PROTOTYPES = YES;
				CLANG_WARN_SUSPICIOUS_MOVE = YES;
				CLANG_WARN_UNGUARDED_AVAILABILITY = YES_AGGRESSIVE;
				CLANG_WARN_UNREACHABLE_CODE = YES;
				CLANG_WARN__DUPLICATE_METHOD_MATCH = YES;
				COPY_PHASE_STRIP = NO;
				DEBUG_INFORMATION_FORMAT = dwarf;
				ENABLE_STRICT_OBJC_MSGSEND = YES;
				ENABLE_TESTABILITY = YES;
				GCC_C_LANGUAGE_STANDARD = gnu11;
				GCC_DYNAMIC_NO_PIC = NO;
				GCC_NO_COMMON_BLOCKS = YES;
				GCC_OPTIMIZATION_LEVEL = 0;
				GCC_PREPROCESSOR_DEFINITIONS = (
					"DEBUG=1",
					"$(inherited)",
				);
				GCC_WARN_64_TO_32_BIT_CONVERSION = YES;
				GCC_WARN_ABOUT_RETURN_TYPE = YES_ERROR;
				GCC_WARN_UNDECLARED_SELECTOR = YES;
				GCC_WARN_UNINITIALIZED_AUTOS = YES_AGGRESSIVE;
				GCC_WARN_UNUSED_FUNCTION = YES;
				GCC_WARN_UNUSED_VARIABLE = YES;
				IPHONEOS_DEPLOYMENT_TARGET = 16.1;
				MTL_ENABLE_DEBUG_INFO = INCLUDE_SOURCE;
				MTL_FAST_MATH = YES;
				ONLY_ACTIVE_ARCH = YES;
				SDKROOT = iphoneos;
				SWIFT_ACTIVE_COMPILATION_CONDITIONS = DEBUG;
				SWIFT_OPTIMIZATION_LEVEL = "-Onone";
			};
			name = Debug;
		};
		E79335E329FEC91700750213 /* Release */ = {
			isa = XCBuildConfiguration;
			buildSettings = {
				ALWAYS_SEARCH_USER_PATHS = NO;
				CLANG_ANALYZER_NONNULL = YES;
				CLANG_ANALYZER_NUMBER_OBJECT_CONVERSION = YES_AGGRESSIVE;
				CLANG_CXX_LANGUAGE_STANDARD = "gnu++20";
				CLANG_ENABLE_MODULES = YES;
				CLANG_ENABLE_OBJC_ARC = YES;
				CLANG_ENABLE_OBJC_WEAK = YES;
				CLANG_WARN_BLOCK_CAPTURE_AUTORELEASING = YES;
				CLANG_WARN_BOOL_CONVERSION = YES;
				CLANG_WARN_COMMA = YES;
				CLANG_WARN_CONSTANT_CONVERSION = YES;
				CLANG_WARN_DEPRECATED_OBJC_IMPLEMENTATIONS = YES;
				CLANG_WARN_DIRECT_OBJC_ISA_USAGE = YES_ERROR;
				CLANG_WARN_DOCUMENTATION_COMMENTS = YES;
				CLANG_WARN_EMPTY_BODY = YES;
				CLANG_WARN_ENUM_CONVERSION = YES;
				CLANG_WARN_INFINITE_RECURSION = YES;
				CLANG_WARN_INT_CONVERSION = YES;
				CLANG_WARN_NON_LITERAL_NULL_CONVERSION = YES;
				CLANG_WARN_OBJC_IMPLICIT_RETAIN_SELF = YES;
				CLANG_WARN_OBJC_LITERAL_CONVERSION = YES;
				CLANG_WARN_OBJC_ROOT_CLASS = YES_ERROR;
				CLANG_WARN_QUOTED_INCLUDE_IN_FRAMEWORK_HEADER = YES;
				CLANG_WARN_RANGE_LOOP_ANALYSIS = YES;
				CLANG_WARN_STRICT_PROTOTYPES = YES;
				CLANG_WARN_SUSPICIOUS_MOVE = YES;
				CLANG_WARN_UNGUARDED_AVAILABILITY = YES_AGGRESSIVE;
				CLANG_WARN_UNREACHABLE_CODE = YES;
				CLANG_WARN__DUPLICATE_METHOD_MATCH = YES;
				COPY_PHASE_STRIP = NO;
				DEBUG_INFORMATION_FORMAT = "dwarf-with-dsym";
				ENABLE_NS_ASSERTIONS = NO;
				ENABLE_STRICT_OBJC_MSGSEND = YES;
				GCC_C_LANGUAGE_STANDARD = gnu11;
				GCC_NO_COMMON_BLOCKS = YES;
				GCC_WARN_64_TO_32_BIT_CONVERSION = YES;
				GCC_WARN_ABOUT_RETURN_TYPE = YES_ERROR;
				GCC_WARN_UNDECLARED_SELECTOR = YES;
				GCC_WARN_UNINITIALIZED_AUTOS = YES_AGGRESSIVE;
				GCC_WARN_UNUSED_FUNCTION = YES;
				GCC_WARN_UNUSED_VARIABLE = YES;
				IPHONEOS_DEPLOYMENT_TARGET = 16.1;
				MTL_ENABLE_DEBUG_INFO = NO;
				MTL_FAST_MATH = YES;
				SDKROOT = iphoneos;
				SWIFT_COMPILATION_MODE = wholemodule;
				SWIFT_OPTIMIZATION_LEVEL = "-O";
				VALIDATE_PRODUCT = YES;
			};
			name = Release;
		};
		E79335E529FEC91700750213 /* Debug */ = {
			isa = XCBuildConfiguration;
			buildSettings = {
				ASSETCATALOG_COMPILER_APPICON_NAME = AppIcon;
				ASSETCATALOG_COMPILER_GLOBAL_ACCENT_COLOR_NAME = AccentColor;
				CODE_SIGN_STYLE = Automatic;
				CURRENT_PROJECT_VERSION = 1;
				GENERATE_INFOPLIST_FILE = YES;
				INFOPLIST_FILE = RickAndMorty/Info.plist;
				INFOPLIST_KEY_CFBundleDisplayName = "Rick & Morty";
				INFOPLIST_KEY_LSApplicationCategoryType = "public.app-category.education";
				INFOPLIST_KEY_UIApplicationSupportsIndirectInputEvents = YES;
				INFOPLIST_KEY_UILaunchScreen_Generation = NO;
				INFOPLIST_KEY_UILaunchStoryboardName = LaunchScreen;
				INFOPLIST_KEY_UISupportedInterfaceOrientations_iPad = "UIInterfaceOrientationPortrait UIInterfaceOrientationPortraitUpsideDown UIInterfaceOrientationLandscapeLeft UIInterfaceOrientationLandscapeRight";
				INFOPLIST_KEY_UISupportedInterfaceOrientations_iPhone = "UIInterfaceOrientationPortrait UIInterfaceOrientationLandscapeLeft UIInterfaceOrientationLandscapeRight";
				LD_RUNPATH_SEARCH_PATHS = (
					"$(inherited)",
					"@executable_path/Frameworks",
				);
				MARKETING_VERSION = 1.0;
				PRODUCT_BUNDLE_IDENTIFIER = com.example.RickAndMorty;
				PRODUCT_NAME = "$(TARGET_NAME)";
				SWIFT_EMIT_LOC_STRINGS = YES;
				SWIFT_VERSION = 5.0;
				TARGETED_DEVICE_FAMILY = "1,2";
			};
			name = Debug;
		};
		E79335E629FEC91700750213 /* Release */ = {
			isa = XCBuildConfiguration;
			buildSettings = {
				ASSETCATALOG_COMPILER_APPICON_NAME = AppIcon;
				ASSETCATALOG_COMPILER_GLOBAL_ACCENT_COLOR_NAME = AccentColor;
				CODE_SIGN_STYLE = Automatic;
				CURRENT_PROJECT_VERSION = 1;
				GENERATE_INFOPLIST_FILE = YES;
				INFOPLIST_FILE = RickAndMorty/Info.plist;
				INFOPLIST_KEY_CFBundleDisplayName = "Rick & Morty";
				INFOPLIST_KEY_LSApplicationCategoryType = "public.app-category.education";
				INFOPLIST_KEY_UIApplicationSupportsIndirectInputEvents = YES;
				INFOPLIST_KEY_UILaunchScreen_Generation = NO;
				INFOPLIST_KEY_UILaunchStoryboardName = LaunchScreen;
				INFOPLIST_KEY_UISupportedInterfaceOrientations_iPad = "UIInterfaceOrientationPortrait UIInterfaceOrientationPortraitUpsideDown UIInterfaceOrientationLandscapeLeft UIInterfaceOrientationLandscapeRight";
				INFOPLIST_KEY_UISupportedInterfaceOrientations_iPhone = "UIInterfaceOrientationPortrait UIInterfaceOrientationLandscapeLeft UIInterfaceOrientationLandscapeRight";
				LD_RUNPATH_SEARCH_PATHS = (
					"$(inherited)",
					"@executable_path/Frameworks",
				);
				MARKETING_VERSION = 1.0;
				PRODUCT_BUNDLE_IDENTIFIER = com.example.RickAndMorty;
				PRODUCT_NAME = "$(TARGET_NAME)";
				SWIFT_EMIT_LOC_STRINGS = YES;
				SWIFT_VERSION = 5.0;
				TARGETED_DEVICE_FAMILY = "1,2";
			};
			name = Release;
		};
/* End XCBuildConfiguration section */

/* Begin XCConfigurationList section */
		E79335CB29FEC91600750213 /* Build configuration list for PBXProject "RickAndMorty" */ = {
			isa = XCConfigurationList;
			buildConfigurations = (
				E79335E229FEC91700750213 /* Debug */,
				E79335E329FEC91700750213 /* Release */,
			);
			defaultConfigurationIsVisible = 0;
			defaultConfigurationName = Release;
		};
		E79335E429FEC91700750213 /* Build configuration list for PBXNativeTarget "RickAndMorty" */ = {
			isa = XCConfigurationList;
			buildConfigurations = (
				E79335E529FEC91700750213 /* Debug */,
				E79335E629FEC91700750213 /* Release */,
			);
			defaultConfigurationIsVisible = 0;
			defaultConfigurationName = Release;
		};
/* End XCConfigurationList section */
	};
	rootObject = E79335C829FEC91600750213 /* Project object */;
}
